
Microsoft Visual Studio Solution File, Format Version 12.00
# Visual Studio 2012
Project("{FAE04EC0-301F-11D3-BF4B-00C04F79EFBC}") = "WindowsFormsApplication1", "WindowsFormsApplication1\WindowsFormsApplication1.csproj", "{9C4BA450-42F3-48D4-8E01-23532A221EE1}"
EndProject
Global
	GlobalSection(SolutionConfigurationPlatforms) = preSolution
		Debug|Any CPU = Debug|Any CPU
		Release|Any CPU = Release|Any CPU
	EndGlobalSection
	GlobalSection(ProjectConfigurationPlatforms) = postSolution
		{9C4BA450-42F3-48D4-8E01-23532A221EE1}.Debug|Any CPU.ActiveCfg = Debug|Any CPU
		{9C4BA450-42F3-48D4-8E01-23532A221EE1}.Debug|Any CPU.Build.0 = Debug|Any CPU
		{9C4BA450-42F3-48D4-8E01-23532A221EE1}.Release|Any CPU.ActiveCfg = Release|Any CPU
		{9C4BA450-42F3-48D4-8E01-23532A221EE1}.Release|Any CPU.Build.0 = Release|Any CPU
	EndGlobalSection
	GlobalSection(SolutionProperties) = preSolution
		HideSolutionNode = FALSE
	EndGlobalSection
EndGlobal
